{
  "name": "ows_searchapp",
  "lockfileVersion": 2,
  "requires": true,
  "packages": {
    "": {
      "dependencies": {
        "lucene": "^2.1.1"
      }
    },
    "node_modules/lucene": {
      "version": "2.1.1",
      "resolved": "https://registry.npmjs.org/lucene/-/lucene-2.1.1.tgz",
      "integrity": "sha512-l0qCX+pgXEZh/7sYQNG+vzhOIFRPjlJJkQ/irk9n7Ak3d+1MrU6F7IV31KILwFkUn153oLK8a2AIt48DzLdVPg=="
    }
  },
  "dependencies": {
    "lucene": {
      "version": "2.1.1",
      "resolved": "https://registry.npmjs.org/lucene/-/lucene-2.1.1.tgz",
      "integrity": "sha512-l0qCX+pgXEZh/7sYQNG+vzhOIFRPjlJJkQ/irk9n7Ak3d+1MrU6F7IV31KILwFkUn153oLK8a2AIt48DzLdVPg=="
    }
  }
}
